// !$*UTF8*$
{
	archiveVersion = 1;
	classes = {
	};
	objectVersion = 77;
	objects = {

/* Begin PBXBuildFile section */
		010000000000000000000000 /* SpectraCropApp.swift in Sources */ = {isa = PBXBuildFile; fileRef = 010000000000000000000001 /* SpectraCropApp.swift */; };
		010000000000000000000002 /* Reading.swift in Sources */ = {isa = PBXBuildFile; fileRef = 010000000000000000000003 /* Reading.swift */; };
		010000000000000000000004 /* SyncModels.swift in Sources */ = {isa = PBXBuildFile; fileRef = 010000000000000000000005 /* SyncModels.swift */; };
		010000000000000000000006 /* User.swift in Sources */ = {isa = PBXBuildFile; fileRef = 010000000000000000000007 /* User.swift */; };
		010000000000000000000008 /* APIClient.swift in Sources */ = {isa = PBXBuildFile; fileRef = 010000000000000000000009 /* APIClient.swift */; };
		01000000000000000000000A /* AuthManager.swift in Sources */ = {isa = PBXBuildFile; fileRef = 01000000000000000000000B /* AuthManager.swift */; };
		01000000000000000000000C /* BluetoothManager.swift in Sources */ = {isa = PBXBuildFile; fileRef = 01000000000000000000000D /* BluetoothManager.swift */; };
		01000000000000000000000E /* DataManager.swift in Sources */ = {isa = PBXBuildFile; fileRef = 01000000000000000000000F /* DataManager.swift */; };
		010000000000000000000010 /* LocationManager.swift in Sources */ = {isa = PBXBuildFile; fileRef = 010000000000000000000011 /* LocationManager.swift */; };
		010000000000000000000012 /* DeviceInfo.swift in Sources */ = {isa = PBXBuildFile; fileRef = 010000000000000000000013 /* DeviceInfo.swift */; };
		010000000000000000000014 /* PersistenceController.swift in Sources */ = {isa = PBXBuildFile; fileRef = 010000000000000000000015 /* PersistenceController.swift */; };
		010000000000000000000016 /* RootView.swift in Sources */ = {isa = PBXBuildFile; fileRef = 010000000000000000000017 /* RootView.swift */; };
		010000000000000000000018 /* MapView.swift in Sources */ = {isa = PBXBuildFile; fileRef = 010000000000000000000019 /* MapView.swift */; };
		01000000000000000000001A /* NewReadingView.swift in Sources */ = {isa = PBXBuildFile; fileRef = 01000000000000000000001B /* NewReadingView.swift */; };
		01000000000000000000001C /* ReadingListView.swift in Sources */ = {isa = PBXBuildFile; fileRef = 01000000000000000000001D /* ReadingListView.swift */; };
		01000000000000000000001E /* UserProfileView.swift in Sources */ = {isa = PBXBuildFile; fileRef = 01000000000000000000001F /* UserProfileView.swift */; };
		010000000000000000000020 /* Info.plist in Resources */ = {isa = PBXBuildFile; fileRef = 010000000000000000000021 /* Info.plist */; };
		010000000000000000000022 /* Assets.xcassets in Resources */ = {isa = PBXBuildFile; fileRef = 010000000000000000000023 /* Assets.xcassets */; };
		010000000000000000000024 /* PrivacyInfo.xcprivacy in Resources */ = {isa = PBXBuildFile; fileRef = 010000000000000000000025 /* PrivacyInfo.xcprivacy */; };
		010000000000000000000026 /* SpectraCrop.xcdatamodeld in Resources */ = {isa = PBXBuildFile; fileRef = 010000000000000000000027 /* SpectraCrop.xcdatamodeld */; };
/* End PBXBuildFile section */

/* Begin PBXFileReference section */
		010000000000000000000001 /* SpectraCropApp.swift */ = {isa = PBXFileReference; fileEncoding = 4; lastKnownFileType = sourcecode.swift; name = SpectraCropApp.swift; path = ../SpectraCrop/SpectraCropApp.swift; sourceTree = "<group>"; };
		010000000000000000000003 /* Reading.swift */ = {isa = PBXFileReference; fileEncoding = 4; lastKnownFileType = sourcecode.swift; name = Reading.swift; path = ../SpectraCrop/Models/Reading.swift; sourceTree = "<group>"; };
		010000000000000000000005 /* SyncModels.swift */ = {isa = PBXFileReference; fileEncoding = 4; lastKnownFileType = sourcecode.swift; name = SyncModels.swift; path = ../SpectraCrop/Models/SyncModels.swift; sourceTree = "<group>"; };
		010000000000000000000007 /* User.swift */ = {isa = PBXFileReference; fileEncoding = 4; lastKnownFileType = sourcecode.swift; name = User.swift; path = ../SpectraCrop/Models/User.swift; sourceTree = "<group>"; };
		010000000000000000000009 /* APIClient.swift */ = {isa = PBXFileReference; fileEncoding = 4; lastKnownFileType = sourcecode.swift; name = APIClient.swift; path = ../SpectraCrop/Services/APIClient.swift; sourceTree = "<group>"; };
		01000000000000000000000B /* AuthManager.swift */ = {isa = PBXFileReference; fileEncoding = 4; lastKnownFileType = sourcecode.swift; name = AuthManager.swift; path = ../SpectraCrop/Services/AuthManager.swift; sourceTree = "<group>"; };
		01000000000000000000000D /* BluetoothManager.swift */ = {isa = PBXFileReference; fileEncoding = 4; lastKnownFileType = sourcecode.swift; name = BluetoothManager.swift; path = ../SpectraCrop/Services/BluetoothManager.swift; sourceTree = "<group>"; };
		01000000000000000000000F /* DataManager.swift */ = {isa = PBXFileReference; fileEncoding = 4; lastKnownFileType = sourcecode.swift; name = DataManager.swift; path = ../SpectraCrop/Services/DataManager.swift; sourceTree = "<group>"; };
		010000000000000000000011 /* LocationManager.swift */ = {isa = PBXFileReference; fileEncoding = 4; lastKnownFileType = sourcecode.swift; name = LocationManager.swift; path = ../SpectraCrop/Services/LocationManager.swift; sourceTree = "<group>"; };
		010000000000000000000013 /* DeviceInfo.swift */ = {isa = PBXFileReference; fileEncoding = 4; lastKnownFileType = sourcecode.swift; name = DeviceInfo.swift; path = ../SpectraCrop/Utilities/DeviceInfo.swift; sourceTree = "<group>"; };
		010000000000000000000015 /* PersistenceController.swift */ = {isa = PBXFileReference; fileEncoding = 4; lastKnownFileType = sourcecode.swift; name = PersistenceController.swift; path = ../SpectraCrop/Utilities/PersistenceController.swift; sourceTree = "<group>"; };
		010000000000000000000017 /* RootView.swift */ = {isa = PBXFileReference; fileEncoding = 4; lastKnownFileType = sourcecode.swift; name = RootView.swift; path = ../SpectraCrop/Views/RootView.swift; sourceTree = "<group>"; };
		010000000000000000000019 /* MapView.swift */ = {isa = PBXFileReference; fileEncoding = 4; lastKnownFileType = sourcecode.swift; name = MapView.swift; path = ../SpectraCrop/Views/MapView.swift; sourceTree = "<group>"; };
		01000000000000000000001B /* NewReadingView.swift */ = {isa = PBXFileReference; fileEncoding = 4; lastKnownFileType = sourcecode.swift; name = NewReadingView.swift; path = ../SpectraCrop/Views/NewReadingView.swift; sourceTree = "<group>"; };
		01000000000000000000001D /* ReadingListView.swift */ = {isa = PBXFileReference; fileEncoding = 4; lastKnownFileType = sourcecode.swift; name = ReadingListView.swift; path = ../SpectraCrop/Views/ReadingListView.swift; sourceTree = "<group>"; };
		01000000000000000000001F /* UserProfileView.swift */ = {isa = PBXFileReference; fileEncoding = 4; lastKnownFileType = sourcecode.swift; name = UserProfileView.swift; path = ../SpectraCrop/Views/UserProfileView.swift; sourceTree = "<group>"; };
		010000000000000000000021 /* Info.plist */ = {isa = PBXFileReference; fileEncoding = 4; lastKnownFileType = text.plist.xml; name = Info.plist; path = ../SpectraCrop/Info.plist; sourceTree = "<group>"; };
		010000000000000000000023 /* Assets.xcassets */ = {isa = PBXFileReference; lastKnownFileType = folder.assetcatalog; name = Assets.xcassets; path = ../SpectraCrop/Assets.xcassets; sourceTree = "<group>"; };
		010000000000000000000025 /* PrivacyInfo.xcprivacy */ = {isa = PBXFileReference; lastKnownFileType = text.xcprivacy; name = PrivacyInfo.xcprivacy; path = ../SpectraCrop/PrivacyInfo.xcprivacy; sourceTree = "<group>"; };
		010000000000000000000027 /* SpectraCrop.xcdatamodeld */ = {isa = PBXFileReference; lastKnownFileType = wrapper.xcdatamodel; name = SpectraCrop.xcdatamodeld; path = ../SpectraCrop/SpectraCrop.xcdatamodeld; sourceTree = "<group>"; };
		204D7F6D3046113A00706B61 /* SpectraCrop.app */ = {isa = PBXFileReference; explicitFileType = wrapper.application; includeInIndex = 0; path = SpectraCrop.app; sourceTree = BUILT_PRODUCTS_DIR; };
/* End PBXFileReference section */

/* Begin PBXGroup section */
		010000000000000000000028 /* SpectraCrop */ = {
			isa = PBXGroup;
			children = (
				010000000000000000000029 /* Models */,
				01000000000000000000002A /* Services */,
				01000000000000000000002B /* Utilities */,
				01000000000000000000002C /* Views */,
				010000000000000000000001 /* SpectraCropApp.swift */,
				010000000000000000000021 /* Info.plist */,
				010000000000000000000023 /* Assets.xcassets */,
				010000000000000000000025 /* PrivacyInfo.xcprivacy */,
				010000000000000000000027 /* SpectraCrop.xcdatamodeld */,
			);
			name = SpectraCrop;
			sourceTree = "<group>";
		};
		010000000000000000000029 /* Models */ = {
			isa = PBXGroup;
			children = (
				010000000000000000000003 /* Reading.swift */,
				010000000000000000000005 /* SyncModels.swift */,
				010000000000000000000007 /* User.swift */,
			);
			name = Models;
			sourceTree = "<group>";
		};
		01000000000000000000002A /* Services */ = {
			isa = PBXGroup;
			children = (
				010000000000000000000009 /* APIClient.swift */,
				01000000000000000000000B /* AuthManager.swift */,
				01000000000000000000000D /* BluetoothManager.swift */,
				01000000000000000000000F /* DataManager.swift */,
				010000000000000000000011 /* LocationManager.swift */,
			);
			name = Services;
			sourceTree = "<group>";
		};
		01000000000000000000002B /* Utilities */ = {
			isa = PBXGroup;
			children = (
				010000000000000000000013 /* DeviceInfo.swift */,
				010000000000000000000015 /* PersistenceController.swift */,
			);
			name = Utilities;
			sourceTree = "<group>";
		};
		01000000000000000000002C /* Views */ = {
			isa = PBXGroup;
			children = (
				010000000000000000000017 /* RootView.swift */,
				010000000000000000000019 /* MapView.swift */,
				01000000000000000000001B /* NewReadingView.swift */,
				01000000000000000000001D /* ReadingListView.swift */,
				01000000000000000000001F /* UserProfileView.swift */,
			);
			name = Views;
			sourceTree = "<group>";
		};
		204D7F643046113A00706B61 = {
			isa = PBXGroup;
			children = (
				010000000000000000000028 /* SpectraCrop */,
				204D7F6E3046113A00706B61 /* Products */,
			);
			sourceTree = "<group>";
		};
		204D7F6E3046113A00706B61 /* Products */ = {
			isa = PBXGroup;
			children = (
				204D7F6D3046113A00706B61 /* SpectraCrop.app */,
			);
			name = Products;
			sourceTree = "<group>";
		};
/* End PBXGroup section */

/* Begin PBXNativeTarget section */
		204D7F6C3046113A00706B61 /* SpectraCrop */ = {
			isa = PBXNativeTarget;
			buildConfigurationList = 204D7F7E3046113B00706B61 /* Build configuration list for PBXNativeTarget "SpectraCrop" */;
			buildPhases = (
				204D7F693046113A00706B61 /* Sources */,
				204D7F6A3046113A00706B61 /* Frameworks */,
				204D7F6B3046113A00706B61 /* Resources */,
			);
			buildRules = (
			);
			dependencies = (
			);
			name = SpectraCrop;
			productName = SpectraCrop;
			productReference = 204D7F6D3046113A00706B61 /* SpectraCrop.app */;
			productType = "com.apple.product-type.application";
		};
/* End PBXNativeTarget section */

/* Begin PBXProject section */
		204D7F653046113A00706B61 /* Project object */ = {
			isa = PBXProject;
			attributes = {
				BuildIndependentTargetsInParallel = 1;
				LastSwiftUpdateCheck = 2660;
				LastUpgradeCheck = 2660;
				TargetAttributes = {
					204D7F6C3046113A00706B61 = {
						CreatedOnToolsVersion = 26.6;
					};
				};
			};
			buildConfigurationList = 204D7F683046113A00706B61 /* Build configuration list for PBXProject "SpectraCrop" */;
			compatibilityVersion = "Xcode 26.0";
			developmentRegion = en;
			hasScannedForEncodings = 0;
			knownRegions = (
				en,
				Base,
			);
			mainGroup = 204D7F643046113A00706B61;
			projectDirPath = "";
			projectRoot = "";
			targets = (
				204D7F6C3046113A00706B61 /* SpectraCrop */,
			);
		};
/* End PBXProject section */

/* Begin PBXResourcesBuildPhase section */
		204D7F6B3046113A00706B61 /* Resources */ = {
			isa = PBXResourcesBuildPhase;
			buildActionMask = 2147483647;
			files = (
				010000000000000000000022 /* Assets.xcassets in Resources */,
				010000000000000000000024 /* PrivacyInfo.xcprivacy in Resources */,
				010000000000000000000026 /* SpectraCrop.xcdatamodeld in Resources */,
			);
			runOnlyForDeploymentPostprocessing = 0;
		};
/* End PBXResourcesBuildPhase section */

/* Begin PBXSourcesBuildPhase section */
		204D7F693046113A00706B61 /* Sources */ = {
			isa = PBXSourcesBuildPhase;
			buildActionMask = 2147483647;
			files = (
				010000000000000000000000 /* SpectraCropApp.swift in Sources */,
				010000000000000000000002 /* Reading.swift in Sources */,
				010000000000000000000004 /* SyncModels.swift in Sources */,
				010000000000000000000006 /* User.swift in Sources */,
				010000000000000000000008 /* APIClient.swift in Sources */,
				01000000000000000000000A /* AuthManager.swift in Sources */,
				01000000000000000000000C /* BluetoothManager.swift in Sources */,
				01000000000000000000000E /* DataManager.swift in Sources */,
				010000000000000000000010 /* LocationManager.swift in Sources */,
				010000000000000000000012 /* DeviceInfo.swift in Sources */,
				010000000000000000000014 /* PersistenceController.swift in Sources */,
				010000000000000000000016 /* RootView.swift in Sources */,
				010000000000000000000018 /* MapView.swift in Sources */,
				01000000000000000000001A /* NewReadingView.swift in Sources */,
				01000000000000000000001C /* ReadingListView.swift in Sources */,
				01000000000000000000001E /* UserProfileView.swift in Sources */,
			);
			runOnlyForDeploymentPostprocessing = 0;
		};
/* End PBXSourcesBuildPhase section */

/* Begin XCBuildConfiguration section */
		204D7F7F3046113B00706B61 /* Debug */ = {
			isa = XCBuildConfiguration;
			buildSettings = {
				ALWAYS_EMBED_SWIFT_STANDARD_LIBRARIES = YES;
				ASSETCATALOG_COMPILER_APPICON_NAME = AppIcon;
				ASSETCATALOG_COMPILER_GLOBAL_ACCENT_COLOR_NAME = AccentColor;
				CODE_SIGN_ENTITLEMENTS = ../SpectraCrop/SpectraCrop.entitlements;
				CODE_SIGN_STYLE = Automatic;
				CURRENT_PROJECT_VERSION = 1;
				DEVELOPMENT_TEAM = 883DCT2A7L;
				ENABLE_PREVIEWS = YES;
				GENERATE_INFOPLIST_FILE = YES;
				INFOPLIST_FILE = ../SpectraCrop/Info.plist;
				IPHONEOS_DEPLOYMENT_TARGET = 16.0;
				LD_RUNPATH_SEARCH_PATHS = (
					"$(inherited)",
				);
				MARKETING_VERSION = 2.0.0;
				ONLY_ACTIVE_ARCH = YES;
				PRODUCT_BUNDLE_IDENTIFIER = com.spectracrop.ios;
				PRODUCT_NAME = "$(TARGET_NAME)";
				SDKROOT = iphoneos;
				SWIFT_VERSION = 5.0;
				TARGETED_DEVICE_FAMILY = "1,2";
			};
			name = Debug;
		};
		204D7F803046113B00706B61 /* Release */ = {
			isa = XCBuildConfiguration;
			buildSettings = {
				ALWAYS_EMBED_SWIFT_STANDARD_LIBRARIES = YES;
				ASSETCATALOG_COMPILER_APPICON_NAME = AppIcon;
				ASSETCATALOG_COMPILER_GLOBAL_ACCENT_COLOR_NAME = AccentColor;
				CODE_SIGN_ENTITLEMENTS = ../SpectraCrop/SpectraCrop.entitlements;
				CODE_SIGN_STYLE = Automatic;
				CURRENT_PROJECT_VERSION = 1;
				DEVELOPMENT_TEAM = 883DCT2A7L;
				ENABLE_PREVIEWS = YES;
				GENERATE_INFOPLIST_FILE = YES;
				INFOPLIST_FILE = ../SpectraCrop/Info.plist;
				IPHONEOS_DEPLOYMENT_TARGET = 16.0;
				LD_RUNPATH_SEARCH_PATHS = (
					"$(inherited)",
				);
				MARKETING_VERSION = 2.0.0;
				ONLY_ACTIVE_ARCH = NO;
				PRODUCT_BUNDLE_IDENTIFIER = com.spectracrop.ios;
				PRODUCT_NAME = "$(TARGET_NAME)";
				SDKROOT = iphoneos;
				SWIFT_COMPILATION_MODE = wholemodule;
				SWIFT_VERSION = 5.0;
				TARGETED_DEVICE_FAMILY = "1,2";
				VALIDATE_PRODUCT = YES;
			};
			name = Release;
		};
/* End XCBuildConfiguration section */

/* Begin XCConfigurationList section */
		204D7F683046113A00706B61 /* Build configuration list for PBXProject "SpectraCrop" */ = {
			isa = XCConfigurationList;
			buildConfigurations = (
				204D7F7F3046113B00706B61 /* Debug */,
				204D7F803046113B00706B61 /* Release */,
			);
			defaultConfigurationIsVisible = 0;
			defaultConfigurationName = Release;
		};
		204D7F7E3046113B00706B61 /* Build configuration list for PBXNativeTarget "SpectraCrop" */ = {
			isa = XCConfigurationList;
			buildConfigurations = (
				204D7F7F3046113B00706B61 /* Debug */,
				204D7F803046113B00706B61 /* Release */,
			);
			defaultConfigurationIsVisible = 0;
			defaultConfigurationName = Release;
		};
/* End XCConfigurationList section */

		rootObject = 204D7F653046113A00706B61 /* Project object */;
	}
}
